<?xml version="1.0" encoding="utf-8"?>
<Project ToolsVersion="4.0" xmlns="http://schemas.microsoft.com/developer/msbuild/2003">
  <ItemGroup>
    <Filter Include="Source Files">
      <UniqueIdentifier>{4FC737F1-C7A5-4376-A066-2A32D752A2FF}</UniqueIdentifier>
      <Extensions>cpp;c;cc;cxx;def;odl;idl;hpj;bat;asm;asmx</Extensions>
    </Filter>
    <Filter Include="Header Files">
      <UniqueIdentifier>{93995380-89BD-4b04-88EB-625FBE52EBFB}</UniqueIdentifier>
      <Extensions>h;hh;hpp;hxx;hm;inl;inc;xsd</Extensions>
    </Filter>
    <Filter Include="Resource Files">
      <UniqueIdentifier>{67DA6AB6-F800-4c08-8B7A-83BB121AAD01}</UniqueIdentifier>
      <Extensions>rc;ico;cur;bmp;dlg;rc2;rct;bin;rgs;gif;jpg;jpeg;jpe;resx;tiff;tif;png;wav</Extensions>
    </Filter>
  </ItemGroup>
  <ItemGroup>
    <ClCompile Include="main.cpp">
      <Filter>Source Files</Filter>
    </ClCompile>
    <ClCompile Include="graphics\Camera.cpp">
      <Filter>Source Files</Filter>
    </ClCompile>
    <ClCompile Include="graphics\Material.cpp">
      <Filter>Source Files</Filter>
    </ClCompile>
    <ClCompile Include="graphics\Mesh.cpp">
      <Filter>Source Files</Filter>
    </ClCompile>
    <ClCompile Include="graphics\Plane.cpp">
      <Filter>Source Files</Filter>
    </ClCompile>
    <ClCompile Include="graphics\Rectangle3D.cpp">
      <Filter>Source Files</Filter>
    </ClCompile>
    <ClCompile Include="graphics\Scene.cpp">
      <Filter>Source Files</Filter>
    </ClCompile>
    <ClCompile Include="graphics\Sphere.cpp">
      <Filter>Source Files</Filter>
    </ClCompile>
    <ClCompile Include="graphics\Triangle.cpp">
      <Filter>Source Files</Filter>
    </ClCompile>
    <ClCompile Include="util\BitmapImage.cpp">
      <Filter>Source Files</Filter>
    </ClCompile>
    <ClCompile Include="util\Threading.cpp">
      <Filter>Source Files</Filter>
    </ClCompile>
  </ItemGroup>
  <ItemGroup>
    <ClInclude Include="graphics\Camera.h">
      <Filter>Header Files</Filter>
    </ClInclude>
    <ClInclude Include="graphics\Material.h">
      <Filter>Header Files</Filter>
    </ClInclude>
    <ClInclude Include="graphics\Mesh.h">
      <Filter>Header Files</Filter>
    </ClInclude>
    <ClInclude Include="graphics\Plane.h">
      <Filter>Header Files</Filter>
    </ClInclude>
    <ClInclude Include="graphics\Primitive.h">
      <Filter>Header Files</Filter>
    </ClInclude>
    <ClInclude Include="graphics\Rectangle3D.h">
      <Filter>Header Files</Filter>
    </ClInclude>
    <ClInclude Include="graphics\Scene.h">
      <Filter>Header Files</Filter>
    </ClInclude>
    <ClInclude Include="graphics\Sphere.h">
      <Filter>Header Files</Filter>
    </ClInclude>
    <ClInclude Include="graphics\Triangle.h">
      <Filter>Header Files</Filter>
    </ClInclude>
    <ClInclude Include="math\Ray.h">
      <Filter>Header Files</Filter>
    </ClInclude>
    <ClInclude Include="math\Vector.h">
      <Filter>Header Files</Filter>
    </ClInclude>
    <ClInclude Include="math\Vector3.h">
      <Filter>Header Files</Filter>
    </ClInclude>
    <ClInclude Include="util\BitmapImage.h">
      <Filter>Header Files</Filter>
    </ClInclude>
    <ClInclude Include="util\General.h">
      <Filter>Header Files</Filter>
    </ClInclude>
    <ClInclude Include="util\Threading.h">
      <Filter>Header Files</Filter>
    </ClInclude>
  </ItemGroup>
</Project>